
Microsoft Visual Studio Solution File, Format Version 12.00
# Visual Studio Version 17
VisualStudioVersion = 17.13.35828.75 d17.13
MinimumVisualStudioVersion = 10.0.40219.1
Project("{FAE04EC0-301F-11D3-BF4B-00C04F79EFBC}") = "Contactlist", "Contactlist\Contactlist.csproj", "{C56C6F3F-E2EC-446A-89A6-E87DE43C2E23}"
EndProject
Global
	GlobalSection(SolutionConfigurationPlatforms) = preSolution
		Debug|Any CPU = Debug|Any CPU
		Release|Any CPU = Release|Any CPU
	EndGlobalSection
	GlobalSection(ProjectConfigurationPlatforms) = postSolution
		{C56C6F3F-E2EC-446A-89A6-E87DE43C2E23}.Debug|Any CPU.ActiveCfg = Debug|Any CPU
		{C56C6F3F-E2EC-446A-89A6-E87DE43C2E23}.Debug|Any CPU.Build.0 = Debug|Any CPU
		{C56C6F3F-E2EC-446A-89A6-E87DE43C2E23}.Release|Any CPU.ActiveCfg = Release|Any CPU
		{C56C6F3F-E2EC-446A-89A6-E87DE43C2E23}.Release|Any CPU.Build.0 = Release|Any CPU
	EndGlobalSection
	GlobalSection(SolutionProperties) = preSolution
		HideSolutionNode = FALSE
	EndGlobalSection
	GlobalSection(ExtensibilityGlobals) = postSolution
		SolutionGuid = {E4A3CEEA-5065-4911-A999-E3F03462DE3B}
	EndGlobalSection
EndGlobal
